
Microsoft Visual Studio Solution File, Format Version 12.00
# Visual Studio 15
VisualStudioVersion = 15.0.28307.329
MinimumVisualStudioVersion = 10.0.40219.1
Project("{FAE04EC0-301F-11D3-BF4B-00C04F79EFBC}") = "Telegram_Autoreg", "Telegram_Autoreg\Telegram_Autoreg.csproj", "{826AA0B2-B8BC-4221-A242-26F303C54839}"
EndProject
Global
	GlobalSection(SolutionConfigurationPlatforms) = preSolution
		Debug|Any CPU = Debug|Any CPU
		Release|Any CPU = Release|Any CPU
	EndGlobalSection
	GlobalSection(ProjectConfigurationPlatforms) = postSolution
		{826AA0B2-B8BC-4221-A242-26F303C54839}.Debug|Any CPU.ActiveCfg = Debug|Any CPU
		{826AA0B2-B8BC-4221-A242-26F303C54839}.Debug|Any CPU.Build.0 = Debug|Any CPU
		{826AA0B2-B8BC-4221-A242-26F303C54839}.Release|Any CPU.ActiveCfg = Release|Any CPU
		{826AA0B2-B8BC-4221-A242-26F303C54839}.Release|Any CPU.Build.0 = Release|Any CPU
	EndGlobalSection
	GlobalSection(SolutionProperties) = preSolution
		HideSolutionNode = FALSE
	EndGlobalSection
	GlobalSection(ExtensibilityGlobals) = postSolution
		SolutionGuid = {0B6E5AEC-1831-462F-B411-CD975E907249}
	EndGlobalSection
EndGlobal
